
Microsoft Visual Studio Solution File, Format Version 12.00
# Visual Studio Version 17
VisualStudioVersion = 17.0.31912.275
MinimumVisualStudioVersion = 10.0.40219.1
Project("{FAE04EC0-301F-11D3-BF4B-00C04F79EFBC}") = "Capa de datos", "Capa de datos\Capa de datos.csproj", "{1DDC00A2-7294-4688-A967-D15156D2BF8A}"
EndProject
Project("{FAE04EC0-301F-11D3-BF4B-00C04F79EFBC}") = "Capa de servicios", "Capa de servicios\Capa de servicios.csproj", "{0DF26913-4114-46B8-98EC-B09323CC60C7}"
EndProject
Global
	GlobalSection(SolutionConfigurationPlatforms) = preSolution
		Debug|Any CPU = Debug|Any CPU
		Release|Any CPU = Release|Any CPU
	EndGlobalSection
	GlobalSection(ProjectConfigurationPlatforms) = postSolution
		{1DDC00A2-7294-4688-A967-D15156D2BF8A}.Debug|Any CPU.ActiveCfg = Debug|Any CPU
		{1DDC00A2-7294-4688-A967-D15156D2BF8A}.Debug|Any CPU.Build.0 = Debug|Any CPU
		{1DDC00A2-7294-4688-A967-D15156D2BF8A}.Release|Any CPU.ActiveCfg = Release|Any CPU
		{1DDC00A2-7294-4688-A967-D15156D2BF8A}.Release|Any CPU.Build.0 = Release|Any CPU
		{0DF26913-4114-46B8-98EC-B09323CC60C7}.Debug|Any CPU.ActiveCfg = Debug|Any CPU
		{0DF26913-4114-46B8-98EC-B09323CC60C7}.Debug|Any CPU.Build.0 = Debug|Any CPU
		{0DF26913-4114-46B8-98EC-B09323CC60C7}.Release|Any CPU.ActiveCfg = Release|Any CPU
		{0DF26913-4114-46B8-98EC-B09323CC60C7}.Release|Any CPU.Build.0 = Release|Any CPU
	EndGlobalSection
	GlobalSection(SolutionProperties) = preSolution
		HideSolutionNode = FALSE
	EndGlobalSection
	GlobalSection(ExtensibilityGlobals) = postSolution
		SolutionGuid = {06754598-5639-41E3-A138-5188506A553D}
	EndGlobalSection
EndGlobal
